
Microsoft Visual Studio Solution File, Format Version 12.00
# Visual Studio 15
VisualStudioVersion = 15.0.28307.329
MinimumVisualStudioVersion = 10.0.40219.1
Project("{9A19103F-16F7-4668-BE54-9A1E7A4F7556}") = "P01_HospitalDatabase", "P01 HospitalDatabase\P01_HospitalDatabase.csproj", "{13943659-4BB7-40A6-8C0E-3D3453402CD5}"
EndProject
Project("{FAE04EC0-301F-11D3-BF4B-00C04F79EFBC}") = "P03_SalesDatabase", "P03_SalesDatabase\P03_SalesDatabase.csproj", "{2722C479-09C0-4F64-AABF-299F51A0EA0F}"
EndProject
Global
	GlobalSection(SolutionConfigurationPlatforms) = preSolution
		Debug|Any CPU = Debug|Any CPU
		Release|Any CPU = Release|Any CPU
	EndGlobalSection
	GlobalSection(ProjectConfigurationPlatforms) = postSolution
		{13943659-4BB7-40A6-8C0E-3D3453402CD5}.Debug|Any CPU.ActiveCfg = Debug|Any CPU
		{13943659-4BB7-40A6-8C0E-3D3453402CD5}.Debug|Any CPU.Build.0 = Debug|Any CPU
		{13943659-4BB7-40A6-8C0E-3D3453402CD5}.Release|Any CPU.ActiveCfg = Release|Any CPU
		{13943659-4BB7-40A6-8C0E-3D3453402CD5}.Release|Any CPU.Build.0 = Release|Any CPU
		{2722C479-09C0-4F64-AABF-299F51A0EA0F}.Debug|Any CPU.ActiveCfg = Debug|Any CPU
		{2722C479-09C0-4F64-AABF-299F51A0EA0F}.Debug|Any CPU.Build.0 = Debug|Any CPU
		{2722C479-09C0-4F64-AABF-299F51A0EA0F}.Release|Any CPU.ActiveCfg = Release|Any CPU
		{2722C479-09C0-4F64-AABF-299F51A0EA0F}.Release|Any CPU.Build.0 = Release|Any CPU
	EndGlobalSection
	GlobalSection(SolutionProperties) = preSolution
		HideSolutionNode = FALSE
	EndGlobalSection
	GlobalSection(ExtensibilityGlobals) = postSolution
		SolutionGuid = {98550DEA-CDB7-40C2-88A4-FEB20A5DF03B}
	EndGlobalSection
EndGlobal
